
Microsoft Visual Studio Solution File, Format Version 9.00
# Visual Studio 2005
Project("{FAE04EC0-301F-11D3-BF4B-00C04F79EFBC}") = "ClassLibrary", "ClassLibrary1\ClassLibrary.csproj", "{826D6BEF-57D2-4436-A6EA-E2D60BFEF4AA}"
EndProject
Project("{FAE04EC0-301F-11D3-BF4B-00C04F79EFBC}") = "presentation", "presentation\presentation.csproj", "{B64393B9-E637-44C9-9D5C-64023E7F7ED5}"
EndProject
Global
	GlobalSection(SolutionConfigurationPlatforms) = preSolution
		Debug|Any CPU = Debug|Any CPU
		Release|Any CPU = Release|Any CPU
	EndGlobalSection
	GlobalSection(ProjectConfigurationPlatforms) = postSolution
		{826D6BEF-57D2-4436-A6EA-E2D60BFEF4AA}.Debug|Any CPU.ActiveCfg = Debug|Any CPU
		{826D6BEF-57D2-4436-A6EA-E2D60BFEF4AA}.Debug|Any CPU.Build.0 = Debug|Any CPU
		{826D6BEF-57D2-4436-A6EA-E2D60BFEF4AA}.Release|Any CPU.ActiveCfg = Release|Any CPU
		{826D6BEF-57D2-4436-A6EA-E2D60BFEF4AA}.Release|Any CPU.Build.0 = Release|Any CPU
		{B64393B9-E637-44C9-9D5C-64023E7F7ED5}.Debug|Any CPU.ActiveCfg = Debug|Any CPU
		{B64393B9-E637-44C9-9D5C-64023E7F7ED5}.Debug|Any CPU.Build.0 = Debug|Any CPU
		{B64393B9-E637-44C9-9D5C-64023E7F7ED5}.Release|Any CPU.ActiveCfg = Release|Any CPU
		{B64393B9-E637-44C9-9D5C-64023E7F7ED5}.Release|Any CPU.Build.0 = Release|Any CPU
	EndGlobalSection
	GlobalSection(SolutionProperties) = preSolution
		HideSolutionNode = FALSE
	EndGlobalSection
EndGlobal
