
Microsoft Visual Studio Solution File, Format Version 9.00
# Visual Studio 2005
Project("{FAE04EC0-301F-11D3-BF4B-00C04F79EFBC}") = "MyThuVien", "MyThuVien\MyThuVien.csproj", "{7412C05E-D353-4474-BFC5-E19359452538}"
EndProject
Project("{FAE04EC0-301F-11D3-BF4B-00C04F79EFBC}") = "MyFile", "File\MyFile.csproj", "{4105EB5C-00B8-48B3-8F06-FE7640356725}"
EndProject
Project("{FAE04EC0-301F-11D3-BF4B-00C04F79EFBC}") = "MyUser", "User\MyUser.csproj", "{54DDDEAE-2092-473B-95B8-17CCF598F319}"
EndProject
Project("{FAE04EC0-301F-11D3-BF4B-00C04F79EFBC}") = "Server-CSharp", "Server-CSharp\Server-CSharp.csproj", "{1A8DDF6E-B64E-45A6-AD2F-1BE2C41331D8}"
EndProject
Global
	GlobalSection(SolutionConfigurationPlatforms) = preSolution
		Debug|Any CPU = Debug|Any CPU
		Release|Any CPU = Release|Any CPU
	EndGlobalSection
	GlobalSection(ProjectConfigurationPlatforms) = postSolution
		{7412C05E-D353-4474-BFC5-E19359452538}.Debug|Any CPU.ActiveCfg = Debug|Any CPU
		{7412C05E-D353-4474-BFC5-E19359452538}.Debug|Any CPU.Build.0 = Debug|Any CPU
		{7412C05E-D353-4474-BFC5-E19359452538}.Release|Any CPU.ActiveCfg = Release|Any CPU
		{7412C05E-D353-4474-BFC5-E19359452538}.Release|Any CPU.Build.0 = Release|Any CPU
		{4105EB5C-00B8-48B3-8F06-FE7640356725}.Debug|Any CPU.ActiveCfg = Debug|Any CPU
		{4105EB5C-00B8-48B3-8F06-FE7640356725}.Debug|Any CPU.Build.0 = Debug|Any CPU
		{4105EB5C-00B8-48B3-8F06-FE7640356725}.Release|Any CPU.ActiveCfg = Release|Any CPU
		{4105EB5C-00B8-48B3-8F06-FE7640356725}.Release|Any CPU.Build.0 = Release|Any CPU
		{54DDDEAE-2092-473B-95B8-17CCF598F319}.Debug|Any CPU.ActiveCfg = Debug|Any CPU
		{54DDDEAE-2092-473B-95B8-17CCF598F319}.Debug|Any CPU.Build.0 = Debug|Any CPU
		{54DDDEAE-2092-473B-95B8-17CCF598F319}.Release|Any CPU.ActiveCfg = Release|Any CPU
		{54DDDEAE-2092-473B-95B8-17CCF598F319}.Release|Any CPU.Build.0 = Release|Any CPU
		{1A8DDF6E-B64E-45A6-AD2F-1BE2C41331D8}.Debug|Any CPU.ActiveCfg = Debug|Any CPU
		{1A8DDF6E-B64E-45A6-AD2F-1BE2C41331D8}.Debug|Any CPU.Build.0 = Debug|Any CPU
		{1A8DDF6E-B64E-45A6-AD2F-1BE2C41331D8}.Release|Any CPU.ActiveCfg = Release|Any CPU
		{1A8DDF6E-B64E-45A6-AD2F-1BE2C41331D8}.Release|Any CPU.Build.0 = Release|Any CPU
	EndGlobalSection
	GlobalSection(SolutionProperties) = preSolution
		HideSolutionNode = FALSE
	EndGlobalSection
EndGlobal
